// !$*UTF8*$!
{
	archiveVersion = 1;
	classes = {
	};
	objectVersion = 50;
	objects = {

/* Begin PBXBuildFile section */
		2C8C4ED2685126BE13F8AD76 /* Pods_FlixsterTests.framework in Frameworks */ = {isa = PBXBuildFile; fileRef = 436B415AA81D8B1551C2748B /* Pods_FlixsterTests.framework */; };
		4C9A25E7251D9A0300432E6A /* AppDelegate.swift in Sources */ = {isa = PBXBuildFile; fileRef = 4C9A25E6251D9A0300432E6A /* AppDelegate.swift */; };
		4C9A25E9251D9A0300432E6A /* SceneDelegate.swift in Sources */ = {isa = PBXBuildFile; fileRef = 4C9A25E8251D9A0300432E6A /* SceneDelegate.swift */; };
		4C9A25EE251D9A0300432E6A /* Main.storyboard in Resources */ = {isa = PBXBuildFile; fileRef = 4C9A25EC251D9A0300432E6A /* Main.storyboard */; };
		4C9A25F0251D9A0A00432E6A /* Assets.xcassets in Resources */ = {isa = PBXBuildFile; fileRef = 4C9A25EF251D9A0A00432E6A /* Assets.xcassets */; };
		4C9A25F3251D9A0A00432E6A /* LaunchScreen.storyboard in Resources */ = {isa = PBXBuildFile; fileRef = 4C9A25F1251D9A0A00432E6A /* LaunchScreen.storyboard */; };
		4C9A25FE251D9A0B00432E6A /* FlixsterTests.swift in Sources */ = {isa = PBXBuildFile; fileRef = 4C9A25FD251D9A0B00432E6A /* FlixsterTests.swift */; };
		4C9A2609251D9A0B00432E6A /* FlixsterUITests.swift in Sources */ = {isa = PBXBuildFile; fileRef = 4C9A2608251D9A0B00432E6A /* FlixsterUITests.swift */; };
		4C9A2617251DA1B200432E6A /* MoviesViewController.swift in Sources */ = {isa = PBXBuildFile; fileRef = 4C9A2616251DA1B200432E6A /* MoviesViewController.swift */; };
		4C9A2619251ECD3E00432E6A /* MovieCell.swift in Sources */ = {isa = PBXBuildFile; fileRef = 4C9A2618251ECD3E00432E6A /* MovieCell.swift */; };
		65B3AE8C547632C0299B0CE0 /* Pods_Flixster_FlixsterUITests.framework in Frameworks */ = {isa = PBXBuildFile; fileRef = 08E70BA356276EBA4450CC29 /* Pods_Flixster_FlixsterUITests.framework */; };
		E05858AE21B887CF6D8198A0 /* Pods_Flixster.framework in Frameworks */ = {isa = PBXBuildFile; fileRef = 3971EDF988C4D8F54CFADCCD /* Pods_Flixster.framework */; };
/* End PBXBuildFile section */

/* Begin PBXContainerItemProxy section */
		4C9A25FA251D9A0B00432E6A /* PBXContainerItemProxy */ = {
			isa = PBXContainerItemProxy;
			containerPortal = 4C9A25DB251D9A0300432E6A /* Project object */;
			proxyType = 1;
			remoteGlobalIDString = 4C9A25E2251D9A0300432E6A;
			remoteInfo = Flixster;
		};
		4C9A2605251D9A0B00432E6A /* PBXContainerItemProxy */ = {
			isa = PBXContainerItemProxy;
			containerPortal = 4C9A25DB251D9A0300432E6A /* Project object */;
			proxyType = 1;
			remoteGlobalIDString = 4C9A25E2251D9A0300432E6A;
			remoteInfo = Flixster;
		};
/* End PBXContainerItemProxy section */

/* Begin PBXFileReference section */
		0807C4F0C9A12C5DE7A5BE39 /* Pods-Flixster.debug.xcconfig */ = {isa = PBXFileReference; includeInIndex = 1; lastKnownFileType = text.xcconfig; name = "Pods-Flixster.debug.xcconfig"; path = "Target Support Files/Pods-Flixster/Pods-Flixster.debug.xcconfig"; sourceTree = "<group>"; };
		08E70BA356276EBA4450CC29 /* Pods_Flixster_FlixsterUITests.framework */ = {isa = PBXFileReference; explicitFileType = wrapper.framework; includeInIndex = 0; path = Pods_Flixster_FlixsterUITests.framework; sourceTree = BUILT_PRODUCTS_DIR; };
		3971EDF988C4D8F54CFADCCD /* Pods_Flixster.framework */ = {isa = PBXFileReference; explicitFileType = wrapper.framework; includeInIndex = 0; path = Pods_Flixster.framework; sourceTree = BUILT_PRODUCTS_DIR; };
		436B415AA81D8B1551C2748B /* Pods_FlixsterTests.framework */ = {isa = PBXFileReference; explicitFileType = wrapper.framework; includeInIndex = 0; path = Pods_FlixsterTests.framework; sourceTree = BUILT_PRODUCTS_DIR; };
		4C9A25E3251D9A0300432E6A /* Flixster.app */ = {isa = PBXFileReference; explicitFileType = wrapper.application; includeInIndex = 0; path = Flixster.app; sourceTree = BUILT_PRODUCTS_DIR; };
		4C9A25E6251D9A0300432E6A /* AppDelegate.swift */ = {isa = PBXFileReference; lastKnownFileType = sourcecode.swift; path = AppDelegate.swift; sourceTree = "<group>"; };
		4C9A25E8251D9A0300432E6A /* SceneDelegate.swift */ = {isa = PBXFileReference; lastKnownFileType = sourcecode.swift; path = SceneDelegate.swift; sourceTree = "<group>"; };
		4C9A25ED251D9A0300432E6A /* Base */ = {isa = PBXFileReference; lastKnownFileType = file.storyboard; name = Base; path = Base.lproj/Main.storyboard; sourceTree = "<group>"; };
		4C9A25EF251D9A0A00432E6A /* Assets.xcassets */ = {isa = PBXFileReference; lastKnownFileType = folder.assetcatalog; path = Assets.xcassets; sourceTree = "<group>"; };
		4C9A25F2251D9A0A00432E6A /* Base */ = {isa = PBXFileReference; lastKnownFileType = file.storyboard; name = Base; path = Base.lproj/LaunchScreen.storyboard; sourceTree = "<group>"; };
		4C9A25F4251D9A0B00432E6A /* Info.plist */ = {isa = PBXFileReference; lastKnownFileType = text.plist.xml; path = Info.plist; sourceTree = "<group>"; };
		4C9A25F9251D9A0B00432E6A /* FlixsterTests.xctest */ = {isa = PBXFileReference; explicitFileType = wrapper.cfbundle; includeInIndex = 0; path = FlixsterTests.xctest; sourceTree = BUILT_PRODUCTS_DIR; };
		4C9A25FD251D9A0B00432E6A /* FlixsterTests.swift */ = {isa = PBXFileReference; lastKnownFileType = sourcecode.swift; path = FlixsterTests.swift; sourceTree = "<group>"; };
		4C9A25FF251D9A0B00432E6A /* Info.plist */ = {isa = PBXFileReference; lastKnownFileType = text.plist.xml; path = Info.plist; sourceTree = "<group>"; };
		4C9A2604251D9A0B00432E6A /* FlixsterUITests.xctest */ = {isa = PBXFileReference; explicitFileType = wrapper.cfbundle; includeInIndex = 0; path = FlixsterUITests.xctest; sourceTree = BUILT_PRODUCTS_DIR; };
		4C9A2608251D9A0B00432E6A /* FlixsterUITests.swift */ = {isa = PBXFileReference; lastKnownFileType = sourcecode.swift; path = FlixsterUITests.swift; sourceTree = "<group>"; };
		4C9A260A251D9A0B00432E6A /* Info.plist */ = {isa = PBXFileReference; lastKnownFileType = text.plist.xml; path = Info.plist; sourceTree = "<group>"; };
		4C9A2616251DA1B200432E6A /* MoviesViewController.swift */ = {isa = PBXFileReference; lastKnownFileType = sourcecode.swift; path = MoviesViewController.swift; sourceTree = "<group>"; };
		4C9A2618251ECD3E00432E6A /* MovieCell.swift */ = {isa = PBXFileReference; lastKnownFileType = sourcecode.swift; path = MovieCell.swift; sourceTree = "<group>"; };
		5BF5E2D428D9E9B945E2D62A /* Pods-FlixsterTests.debug.xcconfig */ = {isa = PBXFileReference; includeInIndex = 1; lastKnownFileType = text.xcconfig; name = "Pods-FlixsterTests.debug.xcconfig"; path = "Target Support Files/Pods-FlixsterTests/Pods-FlixsterTests.debug.xcconfig"; sourceTree = "<group>"; };
		75FB9381B6C3ABA82A50F19C /* Pods-Flixster-FlixsterUITests.debug.xcconfig */ = {isa = PBXFileReference; includeInIndex = 1; lastKnownFileType = text.xcconfig; name = "Pods-Flixster-FlixsterUITests.debug.xcconfig"; path = "Target Support Files/Pods-Flixster-FlixsterUITests/Pods-Flixster-FlixsterUITests.debug.xcconfig"; sourceTree = "<group>"; };
		97B6DE3EC1189CEC02E89E9E /* Pods-Flixster-FlixsterUITests.release.xcconfig */ = {isa = PBXFileReference; includeInIndex = 1; lastKnownFileType = text.xcconfig; name = "Pods-Flixster-FlixsterUITests.release.xcconfig"; path = "Target Support Files/Pods-Flixster-FlixsterUITests/Pods-Flixster-FlixsterUITests.release.xcconfig"; sourceTree = "<group>"; };
		EDDA944C5398BC2F37F16E09 /* Pods-FlixsterTests.release.xcconfig */ = {isa = PBXFileReference; includeInIndex = 1; lastKnownFileType = text.xcconfig; name = "Pods-FlixsterTests.release.xcconfig"; path = "Target Support Files/Pods-FlixsterTests/Pods-FlixsterTests.release.xcconfig"; sourceTree = "<group>"; };
		F8927152C45D4B0498DCC1AD /* Pods-Flixster.release.xcconfig */ = {isa = PBXFileReference; includeInIndex = 1; lastKnownFileType = text.xcconfig; name = "Pods-Flixster.release.xcconfig"; path = "Target Support Files/Pods-Flixster/Pods-Flixster.release.xcconfig"; sourceTree = "<group>"; };
/* End PBXFileReference section */

/* Begin PBXFrameworksBuildPhase section */
		4C9A25E0251D9A0300432E6A /* Frameworks */ = {
			isa = PBXFrameworksBuildPhase;
			buildActionMask = 2147483647;
			files = (
				E05858AE21B887CF6D8198A0 /* Pods_Flixster.framework in Frameworks */,
			);
			runOnlyForDeploymentPostprocessing = 0;
		};
		4C9A25F6251D9A0B00432E6A /* Frameworks */ = {
			isa = PBXFrameworksBuildPhase;
			buildActionMask = 2147483647;
			files = (
				2C8C4ED2685126BE13F8AD76 /* Pods_FlixsterTests.framework in Frameworks */,
			);
			runOnlyForDeploymentPostprocessing = 0;
		};
		4C9A2601251D9A0B00432E6A /* Frameworks */ = {
			isa = PBXFrameworksBuildPhase;
			buildActionMask = 2147483647;
			files = (
				65B3AE8C547632C0299B0CE0 /* Pods_Flixster_FlixsterUITests.framework in Frameworks */,
			);
			runOnlyForDeploymentPostprocessing = 0;
		};
/* End PBXFrameworksBuildPhase section */

/* Begin PBXGroup section */
		374B56B99D0B554A5DA35B72 /* Pods */ = {
			isa = PBXGroup;
			children = (
				0807C4F0C9A12C5DE7A5BE39 /* Pods-Flixster.debug.xcconfig */,
				F8927152C45D4B0498DCC1AD /* Pods-Flixster.release.xcconfig */,
				75FB9381B6C3ABA82A50F19C /* Pods-Flixster-FlixsterUITests.debug.xcconfig */,
				97B6DE3EC1189CEC02E89E9E /* Pods-Flixster-FlixsterUITests.release.xcconfig */,
				5BF5E2D428D9E9B945E2D62A /* Pods-FlixsterTests.debug.xcconfig */,
				EDDA944C5398BC2F37F16E09 /* Pods-FlixsterTests.release.xcconfig */,
			);
			name = Pods;
			path = Pods;
			sourceTree = "<group>";
		};
		4C9A25DA251D9A0300432E6A = {
			isa = PBXGroup;
			children = (
				4C9A25E5251D9A0300432E6A /* Flixster */,
				4C9A25FC251D9A0B00432E6A /* FlixsterTests */,
				4C9A2607251D9A0B00432E6A /* FlixsterUITests */,
				4C9A25E4251D9A0300432E6A /* Products */,
				374B56B99D0B554A5DA35B72 /* Pods */,
				51C774D0046D285A67EBDB1C /* Frameworks */,
			);
			sourceTree = "<group>";
		};
		4C9A25E4251D9A0300432E6A /* Products */ = {
			isa = PBXGroup;
			children = (
				4C9A25E3251D9A0300432E6A /* Flixster.app */,
				4C9A25F9251D9A0B00432E6A /* FlixsterTests.xctest */,
				4C9A2604251D9A0B00432E6A /* FlixsterUITests.xctest */,
			);
			name = Products;
			sourceTree = "<group>";
		};
		4C9A25E5251D9A0300432E6A /* Flixster */ = {
			isa = PBXGroup;
			children = (
				4C9A25E6251D9A0300432E6A /* AppDelegate.swift */,
				4C9A25E8251D9A0300432E6A /* SceneDelegate.swift */,
				4C9A25EC251D9A0300432E6A /* Main.storyboard */,
				4C9A25EF251D9A0A00432E6A /* Assets.xcassets */,
				4C9A25F1251D9A0A00432E6A /* LaunchScreen.storyboard */,
				4C9A25F4251D9A0B00432E6A /* Info.plist */,
				4C9A2616251DA1B200432E6A /* MoviesViewController.swift */,
				4C9A2618251ECD3E00432E6A /* MovieCell.swift */,
			);
			path = Flixster;
			sourceTree = "<group>";
		};
		4C9A25FC251D9A0B00432E6A /* FlixsterTests */ = {
			isa = PBXGroup;
			children = (
				4C9A25FD251D9A0B00432E6A /* FlixsterTests.swift */,
				4C9A25FF251D9A0B00432E6A /* Info.plist */,
			);
			path = FlixsterTests;
			sourceTree = "<group>";
		};
		4C9A2607251D9A0B00432E6A /* FlixsterUITests */ = {
			isa = PBXGroup;
			children = (
				4C9A2608251D9A0B00432E6A /* FlixsterUITests.swift */,
				4C9A260A251D9A0B00432E6A /* Info.plist */,
			);
			path = FlixsterUITests;
			sourceTree = "<group>";
		};
		51C774D0046D285A67EBDB1C /* Frameworks */ = {
			isa = PBXGroup;
			children = (
				3971EDF988C4D8F54CFADCCD /* Pods_Flixster.framework */,
				08E70BA356276EBA4450CC29 /* Pods_Flixster_FlixsterUITests.framework */,
				436B415AA81D8B1551C2748B /* Pods_FlixsterTests.framework */,
			);
			name = Frameworks;
			sourceTree = "<group>";
		};
/* End PBXGroup section */

/* Begin PBXNativeTarget section */
		4C9A25E2251D9A0300432E6A /* Flixster */ = {
			isa = PBXNativeTarget;
			buildConfigurationList = 4C9A260D251D9A0B00432E6A /* Build configuration list for PBXNativeTarget "Flixster" */;
			buildPhases = (
				4C2C1430039F387315629C73 /* [CP] Check Pods Manifest.lock */,
				4C9A25DF251D9A0300432E6A /* Sources */,
				4C9A25E0251D9A0300432E6A /* Frameworks */,
				4C9A25E1251D9A0300432E6A /* Resources */,
				10084A52F22FD63F726288A0 /* [CP] Embed Pods Frameworks */,
			);
			buildRules = (
			);
			dependencies = (
			);
			name = Flixster;
			productName = Flixster;
			productReference = 4C9A25E3251D9A0300432E6A /* Flixster.app */;
			productType = "com.apple.product-type.application";
		};
		4C9A25F8251D9A0B00432E6A /* FlixsterTests */ = {
			isa = PBXNativeTarget;
			buildConfigurationList = 4C9A2610251D9A0B00432E6A /* Build configuration list for PBXNativeTarget "FlixsterTests" */;
			buildPhases = (
				511CD7AFCB5C7D4C2E8B4890 /* [CP] Check Pods Manifest.lock */,
				4C9A25F5251D9A0B00432E6A /* Sources */,
				4C9A25F6251D9A0B00432E6A /* Frameworks */,
				4C9A25F7251D9A0B00432E6A /* Resources */,
			);
			buildRules = (
			);
			dependencies = (
				4C9A25FB251D9A0B00432E6A /* PBXTargetDependency */,
			);
			name = FlixsterTests;
			productName = FlixsterTests;
			productReference = 4C9A25F9251D9A0B00432E6A /* FlixsterTests.xctest */;
			productType = "com.apple.product-type.bundle.unit-test";
		};
		4C9A2603251D9A0B00432E6A /* FlixsterUITests */ = {
			isa = PBXNativeTarget;
			buildConfigurationList = 4C9A2613251D9A0B00432E6A /* Build configuration list for PBXNativeTarget "FlixsterUITests" */;
			buildPhases = (
				9B1CBF4F004149C98C6B0955 /* [CP] Check Pods Manifest.lock */,
				4C9A2600251D9A0B00432E6A /* Sources */,
				4C9A2601251D9A0B00432E6A /* Frameworks */,
				4C9A2602251D9A0B00432E6A /* Resources */,
				904DC90D930906D31775AB90 /* [CP] Embed Pods Frameworks */,
			);
			buildRules = (
			);
			dependencies = (
				4C9A2606251D9A0B00432E6A /* PBXTargetDependency */,
			);
			name = FlixsterUITests;
			productName = FlixsterUITests;
			productReference = 4C9A2604251D9A0B00432E6A /* FlixsterUITests.xctest */;
			productType = "com.apple.product-type.bundle.ui-testing";
		};
/* End PBXNativeTarget section */

/* Begin PBXProject section */
		4C9A25DB251D9A0300432E6A /* Project object */ = {
			isa = PBXProject;
			attributes = {
				LastSwiftUpdateCheck = 1170;
				LastUpgradeCheck = 1170;
				ORGANIZATIONNAME = "naomia2022@hotmail.com";
				TargetAttributes = {
					4C9A25E2251D9A0300432E6A = {
						CreatedOnToolsVersion = 11.7;
					};
					4C9A25F8251D9A0B00432E6A = {
						CreatedOnToolsVersion = 11.7;
						TestTargetID = 4C9A25E2251D9A0300432E6A;
					};
					4C9A2603251D9A0B00432E6A = {
						CreatedOnToolsVersion = 11.7;
						TestTargetID = 4C9A25E2251D9A0300432E6A;
					};
				};
			};
			buildConfigurationList = 4C9A25DE251D9A0300432E6A /* Build configuration list for PBXProject "Flixster" */;
			compatibilityVersion = "Xcode 9.3";
			developmentRegion = en;
			hasScannedForEncodings = 0;
			knownRegions = (
				en,
				Base,
			);
			mainGroup = 4C9A25DA251D9A0300432E6A;
			productRefGroup = 4C9A25E4251D9A0300432E6A /* Products */;
			projectDirPath = "";
			projectRoot = "";
			targets = (
				4C9A25E2251D9A0300432E6A /* Flixster */,
				4C9A25F8251D9A0B00432E6A /* FlixsterTests */,
				4C9A2603251D9A0B00432E6A /* FlixsterUITests */,
			);
		};
/* End PBXProject section */

/* Begin PBXResourcesBuildPhase section */
		4C9A25E1251D9A0300432E6A /* Resources */ = {
			isa = PBXResourcesBuildPhase;
			buildActionMask = 2147483647;
			files = (
				4C9A25F3251D9A0A00432E6A /* LaunchScreen.storyboard in Resources */,
				4C9A25F0251D9A0A00432E6A /* Assets.xcassets in Resources */,
				4C9A25EE251D9A0300432E6A /* Main.storyboard in Resources */,
			);
			runOnlyForDeploymentPostprocessing = 0;
		};
		4C9A25F7251D9A0B00432E6A /* Resources */ = {
			isa = PBXResourcesBuildPhase;
			buildActionMask = 2147483647;
			files = (
			);
			runOnlyForDeploymentPostprocessing = 0;
		};
		4C9A2602251D9A0B00432E6A /* Resources */ = {
			isa = PBXResourcesBuildPhase;
			buildActionMask = 2147483647;
			files = (
			);
			runOnlyForDeploymentPostprocessing = 0;
		};
/* End PBXResourcesBuildPhase section */

/* Begin PBXShellScriptBuildPhase section */
		10084A52F22FD63F726288A0 /* [CP] Embed Pods Frameworks */ = {
			isa = PBXShellScriptBuildPhase;
			buildActionMask = 2147483647;
			files = (
			);
			inputFileListPaths = (
				"${PODS_ROOT}/Target Support Files/Pods-Flixster/Pods-Flixster-frameworks-${CONFIGURATION}-input-files.xcfilelist",
			);
			name = "[CP] Embed Pods Frameworks";
			outputFileListPaths = (
				"${PODS_ROOT}/Target Support Files/Pods-Flixster/Pods-Flixster-frameworks-${CONFIGURATION}-output-files.xcfilelist",
			);
			runOnlyForDeploymentPostprocessing = 0;
			shellPath = /bin/sh;
			shellScript = "\"${PODS_ROOT}/Target Support Files/Pods-Flixster/Pods-Flixster-frameworks.sh\"\n";
			showEnvVarsInLog = 0;
		};
		4C2C1430039F387315629C73 /* [CP] Check Pods Manifest.lock */ = {
			isa = PBXShellScriptBuildPhase;
			buildActionMask = 2147483647;
			files = (
			);
			inputFileListPaths = (
			);
			inputPaths = (
				"${PODS_PODFILE_DIR_PATH}/Podfile.lock",
				"${PODS_ROOT}/Manifest.lock",
			);
			name = "[CP] Check Pods Manifest.lock";
			outputFileListPaths = (
			);
			outputPaths = (
				"$(DERIVED_FILE_DIR)/Pods-Flixster-checkManifestLockResult.txt",
			);
			runOnlyForDeploymentPostprocessing = 0;
			shellPath = /bin/sh;
			shellScript = "diff \"${PODS_PODFILE_DIR_PATH}/Podfile.lock\" \"${PODS_ROOT}/Manifest.lock\" > /dev/null\nif [ $? != 0 ] ; then\n    # print error to STDERR\n    echo \"error: The sandbox is not in sync with the Podfile.lock. Run 'pod install' or update your CocoaPods installation.\" >&2\n    exit 1\nfi\n# This output is used by Xcode 'outputs' to avoid re-running this script phase.\necho \"SUCCESS\" > \"${SCRIPT_OUTPUT_FILE_0}\"\n";
			showEnvVarsInLog = 0;
		};
		511CD7AFCB5C7D4C2E8B4890 /* [CP] Check Pods Manifest.lock */ = {
			isa = PBXShellScriptBuildPhase;
			buildActionMask = 2147483647;
			files = (
			);
			inputFileListPaths = (
			);
			inputPaths = (
				"${PODS_PODFILE_DIR_PATH}/Podfile.lock",
				"${PODS_ROOT}/Manifest.lock",
			);
			name = "[CP] Check Pods Manifest.lock";
			outputFileListPaths = (
			);
			outputPaths = (
				"$(DERIVED_FILE_DIR)/Pods-FlixsterTests-checkManifestLockResult.txt",
			);
			runOnlyForDeploymentPostprocessing = 0;
			shellPath = /bin/sh;
			shellScript = "diff \"${PODS_PODFILE_DIR_PATH}/Podfile.lock\" \"${PODS_ROOT}/Manifest.lock\" > /dev/null\nif [ $? != 0 ] ; then\n    # print error to STDERR\n    echo \"error: The sandbox is not in sync with the Podfile.lock. Run 'pod install' or update your CocoaPods installation.\" >&2\n    exit 1\nfi\n# This output is used by Xcode 'outputs' to avoid re-running this script phase.\necho \"SUCCESS\" > \"${SCRIPT_OUTPUT_FILE_0}\"\n";
			showEnvVarsInLog = 0;
		};
		904DC90D930906D31775AB90 /* [CP] Embed Pods Frameworks */ = {
			isa = PBXShellScriptBuildPhase;
			buildActionMask = 2147483647;
			files = (
			);
			inputFileListPaths = (
				"${PODS_ROOT}/Target Support Files/Pods-Flixster-FlixsterUITests/Pods-Flixster-FlixsterUITests-frameworks-${CONFIGURATION}-input-files.xcfilelist",
			);
			name = "[CP] Embed Pods Frameworks";
			outputFileListPaths = (
				"${PODS_ROOT}/Target Support Files/Pods-Flixster-FlixsterUITests/Pods-Flixster-FlixsterUITests-frameworks-${CONFIGURATION}-output-files.xcfilelist",
			);
			runOnlyForDeploymentPostprocessing = 0;
			shellPath = /bin/sh;
			shellScript = "\"${PODS_ROOT}/Target Support Files/Pods-Flixster-FlixsterUITests/Pods-Flixster-FlixsterUITests-frameworks.sh\"\n";
			showEnvVarsInLog = 0;
		};
		9B1CBF4F004149C98C6B0955 /* [CP] Check Pods Manifest.lock */ = {
			isa = PBXShellScriptBuildPhase;
			buildActionMask = 2147483647;
			files = (
			);
			inputFileListPaths = (
			);
			inputPaths = (
				"${PODS_PODFILE_DIR_PATH}/Podfile.lock",
				"${PODS_ROOT}/Manifest.lock",
			);
			name = "[CP] Check Pods Manifest.lock";
			outputFileListPaths = (
			);
			outputPaths = (
				"$(DERIVED_FILE_DIR)/Pods-Flixster-FlixsterUITests-checkManifestLockResult.txt",
			);
			runOnlyForDeploymentPostprocessing = 0;
			shellPath = /bin/sh;
			shellScript = "diff \"${PODS_PODFILE_DIR_PATH}/Podfile.lock\" \"${PODS_ROOT}/Manifest.lock\" > /dev/null\nif [ $? != 0 ] ; then\n    # print error to STDERR\n    echo \"error: The sandbox is not in sync with the Podfile.lock. Run 'pod install' or update your CocoaPods installation.\" >&2\n    exit 1\nfi\n# This output is used by Xcode 'outputs' to avoid re-running this script phase.\necho \"SUCCESS\" > \"${SCRIPT_OUTPUT_FILE_0}\"\n";
			showEnvVarsInLog = 0;
		};
/* End PBXShellScriptBuildPhase section */

/* Begin PBXSourcesBuildPhase section */
		4C9A25DF251D9A0300432E6A /* Sources */ = {
			isa = PBXSourcesBuildPhase;
			buildActionMask = 2147483647;
			files = (
				4C9A25E7251D9A0300432E6A /* AppDelegate.swift in Sources */,
				4C9A25E9251D9A0300432E6A /* SceneDelegate.swift in Sources */,
				4C9A2619251ECD3E00432E6A /* MovieCell.swift in Sources */,
				4C9A2617251DA1B200432E6A /* MoviesViewController.swift in Sources */,
			);
			runOnlyForDeploymentPostprocessing = 0;
		};
		4C9A25F5251D9A0B00432E6A /* Sources */ = {
			isa = PBXSourcesBuildPhase;
			buildActionMask = 2147483647;
			files = (
				4C9A25FE251D9A0B00432E6A /* FlixsterTests.swift in Sources */,
			);
			runOnlyForDeploymentPostprocessing = 0;
		};
		4C9A2600251D9A0B00432E6A /* Sources */ = {
			isa = PBXSourcesBuildPhase;
			buildActionMask = 2147483647;
			files = (
				4C9A2609251D9A0B00432E6A /* FlixsterUITests.swift in Sources */,
			);
			runOnlyForDeploymentPostprocessing = 0;
		};
/* End PBXSourcesBuildPhase section */

/* Begin PBXTargetDependency section */
		4C9A25FB251D9A0B00432E6A /* PBXTargetDependency */ = {
			isa = PBXTargetDependency;
			target = 4C9A25E2251D9A0300432E6A /* Flixster */;
			targetProxy = 4C9A25FA251D9A0B00432E6A /* PBXContainerItemProxy */;
		};
		4C9A2606251D9A0B00432E6A /* PBXTargetDependency */ = {
			isa = PBXTargetDependency;
			target = 4C9A25E2251D9A0300432E6A /* Flixster */;
			targetProxy = 4C9A2605251D9A0B00432E6A /* PBXContainerItemProxy */;
		};
/* End PBXTargetDependency section */

/* Begin PBXVariantGroup section */
		4C9A25EC251D9A0300432E6A /* Main.storyboard */ = {
			isa = PBXVariantGroup;
			children = (
				4C9A25ED251D9A0300432E6A /* Base */,
			);
			name = Main.storyboard;
			sourceTree = "<group>";
		};
		4C9A25F1251D9A0A00432E6A /* LaunchScreen.storyboard */ = {
			isa = PBXVariantGroup;
			children = (
				4C9A25F2251D9A0A00432E6A /* Base */,
			);
			name = LaunchScreen.storyboard;
			sourceTree = "<group>";
		};
/* End PBXVariantGroup section */

/* Begin XCBuildConfiguration section */
		4C9A260B251D9A0B00432E6A /* Debug */ = {
			isa = XCBuildConfiguration;
			buildSettings = {
				ALWAYS_SEARCH_USER_PATHS = NO;
				CLANG_ANALYZER_NONNULL = YES;
				CLANG_ANALYZER_NUMBER_OBJECT_CONVERSION = YES_AGGRESSIVE;
				CLANG_CXX_LANGUAGE_STANDARD = "gnu++14";
				CLANG_CXX_LIBRARY = "libc++";
				CLANG_ENABLE_MODULES = YES;
				CLANG_ENABLE_OBJC_ARC = YES;
				CLANG_ENABLE_OBJC_WEAK = YES;
				CLANG_WARN_BLOCK_CAPTURE_AUTORELEASING = YES;
				CLANG_WARN_BOOL_CONVERSION = YES;
				CLANG_WARN_COMMA = YES;
				CLANG_WARN_CONSTANT_CONVERSION = YES;
				CLANG_WARN_DEPRECATED_OBJC_IMPLEMENTATIONS = YES;
				CLANG_WARN_DIRECT_OBJC_ISA_USAGE = YES_ERROR;
				CLANG_WARN_DOCUMENTATION_COMMENTS = YES;
				CLANG_WARN_EMPTY_BODY = YES;
				CLANG_WARN_ENUM_CONVERSION = YES;
				CLANG_WARN_INFINITE_RECURSION = YES;
				CLANG_WARN_INT_CONVERSION = YES;
				CLANG_WARN_NON_LITERAL_NULL_CONVERSION = YES;
				CLANG_WARN_OBJC_IMPLICIT_RETAIN_SELF = YES;
				CLANG_WARN_OBJC_LITERAL_CONVERSION = YES;
				CLANG_WARN_OBJC_ROOT_CLASS = YES_ERROR;
				CLANG_WARN_RANGE_LOOP_ANALYSIS = YES;
				CLANG_WARN_STRICT_PROTOTYPES = YES;
				CLANG_WARN_SUSPICIOUS_MOVE = YES;
				CLANG_WARN_UNGUARDED_AVAILABILITY = YES_AGGRESSIVE;
				CLANG_WARN_UNREACHABLE_CODE = YES;
				CLANG_WARN__DUPLICATE_METHOD_MATCH = YES;
				COPY_PHASE_STRIP = NO;
				DEBUG_INFORMATION_FORMAT = dwarf;
				ENABLE_STRICT_OBJC_MSGSEND = YES;
				ENABLE_TESTABILITY = YES;
				GCC_C_LANGUAGE_STANDARD = gnu11;
				GCC_DYNAMIC_NO_PIC = NO;
				GCC_NO_COMMON_BLOCKS = YES;
				GCC_OPTIMIZATION_LEVEL = 0;
				GCC_PREPROCESSOR_DEFINITIONS = (
					"DEBUG=1",
					"$(inherited)",
				);
				GCC_WARN_64_TO_32_BIT_CONVERSION = YES;
				GCC_WARN_ABOUT_RETURN_TYPE = YES_ERROR;
				GCC_WARN_UNDECLARED_SELECTOR = YES;
				GCC_WARN_UNINITIALIZED_AUTOS = YES_AGGRESSIVE;
				GCC_WARN_UNUSED_FUNCTION = YES;
				GCC_WARN_UNUSED_VARIABLE = YES;
				IPHONEOS_DEPLOYMENT_TARGET = 13.7;
				MTL_ENABLE_DEBUG_INFO = INCLUDE_SOURCE;
				MTL_FAST_MATH = YES;
				ONLY_ACTIVE_ARCH = YES;
				SDKROOT = iphoneos;
				SWIFT_ACTIVE_COMPILATION_CONDITIONS = DEBUG;
				SWIFT_OPTIMIZATION_LEVEL = "-Onone";
			};
			name = Debug;
		};
		4C9A260C251D9A0B00432E6A /* Release */ = {
			isa = XCBuildConfiguration;
			buildSettings = {
				ALWAYS_SEARCH_USER_PATHS = NO;
				CLANG_ANALYZER_NONNULL = YES;
				CLANG_ANALYZER_NUMBER_OBJECT_CONVERSION = YES_AGGRESSIVE;
				CLANG_CXX_LANGUAGE_STANDARD = "gnu++14";
				CLANG_CXX_LIBRARY = "libc++";
				CLANG_ENABLE_MODULES = YES;
				CLANG_ENABLE_OBJC_ARC = YES;
				CLANG_ENABLE_OBJC_WEAK = YES;
				CLANG_WARN_BLOCK_CAPTURE_AUTORELEASING = YES;
				CLANG_WARN_BOOL_CONVERSION = YES;
				CLANG_WARN_COMMA = YES;
				CLANG_WARN_CONSTANT_CONVERSION = YES;
				CLANG_WARN_DEPRECATED_OBJC_IMPLEMENTATIONS = YES;
				CLANG_WARN_DIRECT_OBJC_ISA_USAGE = YES_ERROR;
				CLANG_WARN_DOCUMENTATION_COMMENTS = YES;
				CLANG_WARN_EMPTY_BODY = YES;
				CLANG_WARN_ENUM_CONVERSION = YES;
				CLANG_WARN_INFINITE_RECURSION = YES;
				CLANG_WARN_INT_CONVERSION = YES;
				CLANG_WARN_NON_LITERAL_NULL_CONVERSION = YES;
				CLANG_WARN_OBJC_IMPLICIT_RETAIN_SELF = YES;
				CLANG_WARN_OBJC_LITERAL_CONVERSION = YES;
				CLANG_WARN_OBJC_ROOT_CLASS = YES_ERROR;
				CLANG_WARN_RANGE_LOOP_ANALYSIS = YES;
				CLANG_WARN_STRICT_PROTOTYPES = YES;
				CLANG_WARN_SUSPICIOUS_MOVE = YES;
				CLANG_WARN_UNGUARDED_AVAILABILITY = YES_AGGRESSIVE;
				CLANG_WARN_UNREACHABLE_CODE = YES;
				CLANG_WARN__DUPLICATE_METHOD_MATCH = YES;
				COPY_PHASE_STRIP = NO;
				DEBUG_INFORMATION_FORMAT = "dwarf-with-dsym";
				ENABLE_NS_ASSERTIONS = NO;
				ENABLE_STRICT_OBJC_MSGSEND = YES;
				GCC_C_LANGUAGE_STANDARD = gnu11;
				GCC_NO_COMMON_BLOCKS = YES;
				GCC_WARN_64_TO_32_BIT_CONVERSION = YES;
				GCC_WARN_ABOUT_RETURN_TYPE = YES_ERROR;
				GCC_WARN_UNDECLARED_SELECTOR = YES;
				GCC_WARN_UNINITIALIZED_AUTOS = YES_AGGRESSIVE;
				GCC_WARN_UNUSED_FUNCTION = YES;
				GCC_WARN_UNUSED_VARIABLE = YES;
				IPHONEOS_DEPLOYMENT_TARGET = 13.7;
				MTL_ENABLE_DEBUG_INFO = NO;
				MTL_FAST_MATH = YES;
				SDKROOT = iphoneos;
				SWIFT_COMPILATION_MODE = wholemodule;
				SWIFT_OPTIMIZATION_LEVEL = "-O";
				VALIDATE_PRODUCT = YES;
			};
			name = Release;
		};
		4C9A260E251D9A0B00432E6A /* Debug */ = {
			isa = XCBuildConfiguration;
			baseConfigurationReference = 0807C4F0C9A12C5DE7A5BE39 /* Pods-Flixster.debug.xcconfig */;
			buildSettings = {
				ASSETCATALOG_COMPILER_APPICON_NAME = AppIcon;
				CODE_SIGN_STYLE = Automatic;
				INFOPLIST_FILE = Flixster/Info.plist;
				LD_RUNPATH_SEARCH_PATHS = (
					"$(inherited)",
					"@executable_path/Frameworks",
				);
				PRODUCT_BUNDLE_IDENTIFIER = codepath.Flixster;
				PRODUCT_NAME = "$(TARGET_NAME)";
				SWIFT_VERSION = 5.0;
				TARGETED_DEVICE_FAMILY = "1,2";
			};
			name = Debug;
		};
		4C9A260F251D9A0B00432E6A /* Release */ = {
			isa = XCBuildConfiguration;
			baseConfigurationReference = F8927152C45D4B0498DCC1AD /* Pods-Flixster.release.xcconfig */;
			buildSettings = {
				ASSETCATALOG_COMPILER_APPICON_NAME = AppIcon;
				CODE_SIGN_STYLE = Automatic;
				INFOPLIST_FILE = Flixster/Info.plist;
				LD_RUNPATH_SEARCH_PATHS = (
					"$(inherited)",
					"@executable_path/Frameworks",
				);
				PRODUCT_BUNDLE_IDENTIFIER = codepath.Flixster;
				PRODUCT_NAME = "$(TARGET_NAME)";
				SWIFT_VERSION = 5.0;
				TARGETED_DEVICE_FAMILY = "1,2";
			};
			name = Release;
		};
		4C9A2611251D9A0B00432E6A /* Debug */ = {
			isa = XCBuildConfiguration;
			baseConfigurationReference = 5BF5E2D428D9E9B945E2D62A /* Pods-FlixsterTests.debug.xcconfig */;
			buildSettings = {
				ALWAYS_EMBED_SWIFT_STANDARD_LIBRARIES = YES;
				BUNDLE_LOADER = "$(TEST_HOST)";
				CODE_SIGN_STYLE = Automatic;
				INFOPLIST_FILE = FlixsterTests/Info.plist;
				IPHONEOS_DEPLOYMENT_TARGET = 13.7;
				LD_RUNPATH_SEARCH_PATHS = (
					"$(inherited)",
					"@executable_path/Frameworks",
					"@loader_path/Frameworks",
				);
				PRODUCT_BUNDLE_IDENTIFIER = codepath.FlixsterTests;
				PRODUCT_NAME = "$(TARGET_NAME)";
				SWIFT_VERSION = 5.0;
				TARGETED_DEVICE_FAMILY = "1,2";
				TEST_HOST = "$(BUILT_PRODUCTS_DIR)/Flixster.app/Flixster";
			};
			name = Debug;
		};
		4C9A2612251D9A0B00432E6A /* Release */ = {
			isa = XCBuildConfiguration;
			baseConfigurationReference = EDDA944C5398BC2F37F16E09 /* Pods-FlixsterTests.release.xcconfig */;
			buildSettings = {
				ALWAYS_EMBED_SWIFT_STANDARD_LIBRARIES = YES;
				BUNDLE_LOADER = "$(TEST_HOST)";
				CODE_SIGN_STYLE = Automatic;
				INFOPLIST_FILE = FlixsterTests/Info.plist;
				IPHONEOS_DEPLOYMENT_TARGET = 13.7;
				LD_RUNPATH_SEARCH_PATHS = (
					"$(inherited)",
					"@executable_path/Frameworks",
					"@loader_path/Frameworks",
				);
				PRODUCT_BUNDLE_IDENTIFIER = codepath.FlixsterTests;
				PRODUCT_NAME = "$(TARGET_NAME)";
				SWIFT_VERSION = 5.0;
				TARGETED_DEVICE_FAMILY = "1,2";
				TEST_HOST = "$(BUILT_PRODUCTS_DIR)/Flixster.app/Flixster";
			};
			name = Release;
		};
		4C9A2614251D9A0B00432E6A /* Debug */ = {
			isa = XCBuildConfiguration;
			baseConfigurationReference = 75FB9381B6C3ABA82A50F19C /* Pods-Flixster-FlixsterUITests.debug.xcconfig */;
			buildSettings = {
				ALWAYS_EMBED_SWIFT_STANDARD_LIBRARIES = YES;
				CODE_SIGN_STYLE = Automatic;
				INFOPLIST_FILE = FlixsterUITests/Info.plist;
				LD_RUNPATH_SEARCH_PATHS = (
					"$(inherited)",
					"@executable_path/Frameworks",
					"@loader_path/Frameworks",
				);
				PRODUCT_BUNDLE_IDENTIFIER = codepath.FlixsterUITests;
				PRODUCT_NAME = "$(TARGET_NAME)";
				SWIFT_VERSION = 5.0;
				TARGETED_DEVICE_FAMILY = "1,2";
				TEST_TARGET_NAME = Flixster;
			};
			name = Debug;
		};
		4C9A2615251D9A0B00432E6A /* Release */ = {
			isa = XCBuildConfiguration;
			baseConfigurationReference = 97B6DE3EC1189CEC02E89E9E /* Pods-Flixster-FlixsterUITests.release.xcconfig */;
			buildSettings = {
				ALWAYS_EMBED_SWIFT_STANDARD_LIBRARIES = YES;
				CODE_SIGN_STYLE = Automatic;
				INFOPLIST_FILE = FlixsterUITests/Info.plist;
				LD_RUNPATH_SEARCH_PATHS = (
					"$(inherited)",
					"@executable_path/Frameworks",
					"@loader_path/Frameworks",
				);
				PRODUCT_BUNDLE_IDENTIFIER = codepath.FlixsterUITests;
				PRODUCT_NAME = "$(TARGET_NAME)";
				SWIFT_VERSION = 5.0;
				TARGETED_DEVICE_FAMILY = "1,2";
				TEST_TARGET_NAME = Flixster;
			};
			name = Release;
		};
/* End XCBuildConfiguration section */

/* Begin XCConfigurationList section */
		4C9A25DE251D9A0300432E6A /* Build configuration list for PBXProject "Flixster" */ = {
			isa = XCConfigurationList;
			buildConfigurations = (
				4C9A260B251D9A0B00432E6A /* Debug */,
				4C9A260C251D9A0B00432E6A /* Release */,
			);
			defaultConfigurationIsVisible = 0;
			defaultConfigurationName = Release;
		};
		4C9A260D251D9A0B00432E6A /* Build configuration list for PBXNativeTarget "Flixster" */ = {
			isa = XCConfigurationList;
			buildConfigurations = (
				4C9A260E251D9A0B00432E6A /* Debug */,
				4C9A260F251D9A0B00432E6A /* Release */,
			);
			defaultConfigurationIsVisible = 0;
			defaultConfigurationName = Release;
		};
		4C9A2610251D9A0B00432E6A /* Build configuration list for PBXNativeTarget "FlixsterTests" */ = {
			isa = XCConfigurationList;
			buildConfigurations = (
				4C9A2611251D9A0B00432E6A /* Debug */,
				4C9A2612251D9A0B00432E6A /* Release */,
			);
			defaultConfigurationIsVisible = 0;
			defaultConfigurationName = Release;
		};
		4C9A2613251D9A0B00432E6A /* Build configuration list for PBXNativeTarget "FlixsterUITests" */ = {
			isa = XCConfigurationList;
			buildConfigurations = (
				4C9A2614251D9A0B00432E6A /* Debug */,
				4C9A2615251D9A0B00432E6A /* Release */,
			);
			defaultConfigurationIsVisible = 0;
			defaultConfigurationName = Release;
		};
/* End XCConfigurationList section */
	};
	rootObject = 4C9A25DB251D9A0300432E6A /* Project object */;
}
